
Microsoft Visual Studio Solution File, Format Version 12.00
Project("{FAE04EC0-301F-11D3-BF4B-00C04F79EFBC}") = "net-client", "net-client.csproj", "{412743A4-6AE5-4382-8ED6-4D3D7E681D1E}"
EndProject
Global
	GlobalSection(SolutionConfigurationPlatforms) = preSolution
		Debug|Any CPU = Debug|Any CPU
		Release|Any CPU = Release|Any CPU
	EndGlobalSection
	GlobalSection(ProjectConfigurationPlatforms) = postSolution
		{412743A4-6AE5-4382-8ED6-4D3D7E681D1E}.Debug|Any CPU.ActiveCfg = Debug|Any CPU
		{412743A4-6AE5-4382-8ED6-4D3D7E681D1E}.Debug|Any CPU.Build.0 = Debug|Any CPU
		{412743A4-6AE5-4382-8ED6-4D3D7E681D1E}.Release|Any CPU.ActiveCfg = Release|Any CPU
		{412743A4-6AE5-4382-8ED6-4D3D7E681D1E}.Release|Any CPU.Build.0 = Release|Any CPU
	EndGlobalSection
EndGlobal
